// !$*UTF8*$!
{
	archiveVersion = 1;
	classes = {
	};
	objectVersion = 46;
	objects = {

/* Begin PBXBuildFile section */
		1175B717155866A300409AD8 /* UIKit.framework in Frameworks */ = {isa = PBXBuildFile; fileRef = 1175B716155866A300409AD8 /* UIKit.framework */; };
		1175B719155866A300409AD8 /* Foundation.framework in Frameworks */ = {isa = PBXBuildFile; fileRef = 1175B718155866A300409AD8 /* Foundation.framework */; };
		1175B71B155866A300409AD8 /* CoreGraphics.framework in Frameworks */ = {isa = PBXBuildFile; fileRef = 1175B71A155866A300409AD8 /* CoreGraphics.framework */; };
		1175B721155866A300409AD8 /* InfoPlist.strings in Resources */ = {isa = PBXBuildFile; fileRef = 1175B71F155866A300409AD8 /* InfoPlist.strings */; };
		1175B723155866A300409AD8 /* main.m in Sources */ = {isa = PBXBuildFile; fileRef = 1175B722155866A300409AD8 /* main.m */; };
		1175B727155866A300409AD8 /* TUAppDelegate.m in Sources */ = {isa = PBXBuildFile; fileRef = 1175B726155866A300409AD8 /* TUAppDelegate.m */; };
		1175B729155866A300409AD8 /* InfiniteCalendar.entitlements in Resources */ = {isa = PBXBuildFile; fileRef = 1175B728155866A300409AD8 /* InfiniteCalendar.entitlements */; };
		1175B72C155866A300409AD8 /* MainStoryboard.storyboard in Resources */ = {isa = PBXBuildFile; fileRef = 1175B72A155866A300409AD8 /* MainStoryboard.storyboard */; };
		1175B72F155866A300409AD8 /* TUMasterViewController.m in Sources */ = {isa = PBXBuildFile; fileRef = 1175B72E155866A300409AD8 /* TUMasterViewController.m */; };
		1175B732155866A300409AD8 /* TUDetailViewController.m in Sources */ = {isa = PBXBuildFile; fileRef = 1175B731155866A300409AD8 /* TUDetailViewController.m */; };
/* End PBXBuildFile section */

/* Begin PBXFileReference section */
		1175B712155866A300409AD8 /* InfiniteCalendar.app */ = {isa = PBXFileReference; explicitFileType = wrapper.application; includeInIndex = 0; path = InfiniteCalendar.app; sourceTree = BUILT_PRODUCTS_DIR; };
		1175B716155866A300409AD8 /* UIKit.framework */ = {isa = PBXFileReference; lastKnownFileType = wrapper.framework; name = UIKit.framework; path = System/Library/Frameworks/UIKit.framework; sourceTree = SDKROOT; };
		1175B718155866A300409AD8 /* Foundation.framework */ = {isa = PBXFileReference; lastKnownFileType = wrapper.framework; name = Foundation.framework; path = System/Library/Frameworks/Foundation.framework; sourceTree = SDKROOT; };
		1175B71A155866A300409AD8 /* CoreGraphics.framework */ = {isa = PBXFileReference; lastKnownFileType = wrapper.framework; name = CoreGraphics.framework; path = System/Library/Frameworks/CoreGraphics.framework; sourceTree = SDKROOT; };
		1175B71E155866A300409AD8 /* InfiniteCalendar-Info.plist */ = {isa = PBXFileReference; path = "InfiniteCalendar-Info.plist"; sourceTree = "<group>"; };
		1175B720155866A300409AD8 /* en */ = {isa = PBXFileReference; lastKnownFileType = text.plist.strings; name = en; path = en.lproj/InfoPlist.strings; sourceTree = "<group>"; };
		1175B722155866A300409AD8 /* main.m */ = {isa = PBXFileReference; lastKnownFileType = sourcecode.c.objc; path = main.m; sourceTree = "<group>"; };
		1175B724155866A300409AD8 /* InfiniteCalendar-Prefix.pch */ = {isa = PBXFileReference; path = "InfiniteCalendar-Prefix.pch"; sourceTree = "<group>"; };
		1175B725155866A300409AD8 /* TUAppDelegate.h */ = {isa = PBXFileReference; path = TUAppDelegate.h; sourceTree = "<group>"; };
		1175B726155866A300409AD8 /* TUAppDelegate.m */ = {isa = PBXFileReference; lastKnownFileType = sourcecode.c.objc; path = TUAppDelegate.m; sourceTree = "<group>"; };
		1175B728155866A300409AD8 /* InfiniteCalendar.entitlements */ = {isa = PBXFileReference; lastKnownFileType = text.xml; path = InfiniteCalendar.entitlements; sourceTree = "<group>"; };
		1175B72B155866A300409AD8 /* en */ = {isa = PBXFileReference; lastKnownFileType = file.storyboard; name = en; path = en.lproj/MainStoryboard.storyboard; sourceTree = "<group>"; };
		1175B72D155866A300409AD8 /* TUMasterViewController.h */ = {isa = PBXFileReference; path = TUMasterViewController.h; sourceTree = "<group>"; };
		1175B72E155866A300409AD8 /* TUMasterViewController.m */ = {isa = PBXFileReference; lastKnownFileType = sourcecode.c.objc; path = TUMasterViewController.m; sourceTree = "<group>"; };
		1175B730155866A300409AD8 /* TUDetailViewController.h */ = {isa = PBXFileReference; path = TUDetailViewController.h; sourceTree = "<group>"; };
		1175B731155866A300409AD8 /* TUDetailViewController.m */ = {isa = PBXFileReference; lastKnownFileType = sourcecode.c.objc; path = TUDetailViewController.m; sourceTree = "<group>"; };
/* End PBXFileReference section */

/* Begin PBXFrameworksBuildPhase section */
		1175B70F155866A300409AD8 /* Frameworks */ = {
			isa = PBXFrameworksBuildPhase;
			buildActionMask = 2147483647;
			files = (
				1175B717155866A300409AD8 /* UIKit.framework in Frameworks */,
				1175B719155866A300409AD8 /* Foundation.framework in Frameworks */,
				1175B71B155866A300409AD8 /* CoreGraphics.framework in Frameworks */,
			);
			runOnlyForDeploymentPostprocessing = 0;
		};
/* End PBXFrameworksBuildPhase section */

/* Begin PBXGroup section */
		1175B707155866A300409AD8 = {
			isa = PBXGroup;
			children = (
				1175B71C155866A300409AD8 /* InfiniteCalendar */,
				1175B715155866A300409AD8 /* Frameworks */,
				1175B713155866A300409AD8 /* Products */,
			);
			sourceTree = "<group>";
		};
		1175B713155866A300409AD8 /* Products */ = {
			isa = PBXGroup;
			children = (
				1175B712155866A300409AD8 /* InfiniteCalendar.app */,
			);
			name = Products;
			sourceTree = "<group>";
		};
		1175B715155866A300409AD8 /* Frameworks */ = {
			isa = PBXGroup;
			children = (
				1175B716155866A300409AD8 /* UIKit.framework */,
				1175B718155866A300409AD8 /* Foundation.framework */,
				1175B71A155866A300409AD8 /* CoreGraphics.framework */,
			);
			name = Frameworks;
			sourceTree = "<group>";
		};
		1175B71C155866A300409AD8 /* InfiniteCalendar */ = {
			isa = PBXGroup;
			children = (
				1175B725155866A300409AD8 /* TUAppDelegate.h */,
				1175B726155866A300409AD8 /* TUAppDelegate.m */,
				1175B72A155866A300409AD8 /* MainStoryboard.storyboard */,
				1175B72D155866A300409AD8 /* TUMasterViewController.h */,
				1175B72E155866A300409AD8 /* TUMasterViewController.m */,
				1175B730155866A300409AD8 /* TUDetailViewController.h */,
				1175B731155866A300409AD8 /* TUDetailViewController.m */,
				1175B71D155866A300409AD8 /* Supporting Files */,
			);
			path = InfiniteCalendar;
			sourceTree = "<group>";
		};
		1175B71D155866A300409AD8 /* Supporting Files */ = {
			isa = PBXGroup;
			children = (
				1175B71E155866A300409AD8 /* InfiniteCalendar-Info.plist */,
				1175B71F155866A300409AD8 /* InfoPlist.strings */,
				1175B722155866A300409AD8 /* main.m */,
				1175B724155866A300409AD8 /* InfiniteCalendar-Prefix.pch */,
				1175B728155866A300409AD8 /* InfiniteCalendar.entitlements */,
			);
			name = "Supporting Files";
			sourceTree = "<group>";
		};
/* End PBXGroup section */

/* Begin PBXNativeTarget section */
		1175B711155866A300409AD8 /* InfiniteCalendar */ = {
			isa = PBXNativeTarget;
			buildConfigurationList = 1175B735155866A300409AD8 /* Build configuration list for PBXNativeTarget "InfiniteCalendar" */;
			buildPhases = (
				1175B70E155866A300409AD8 /* Sources */,
				1175B70F155866A300409AD8 /* Frameworks */,
				1175B710155866A300409AD8 /* Resources */,
			);
			buildRules = (
			);
			dependencies = (
			);
			name = InfiniteCalendar;
			productName = InfiniteCalendar;
			productReference = 1175B712155866A300409AD8 /* InfiniteCalendar.app */;
			productType = "com.apple.product-type.application";
		};
/* End PBXNativeTarget section */

/* Begin PBXProject section */
		1175B709155866A300409AD8 /* Project object */ = {
			isa = PBXProject;
			attributes = {
				CLASSPREFIX = TU;
				LastUpgradeCheck = 0440;
				ORGANIZATIONNAME = ThinkUltimate;
			};
			buildConfigurationList = 1175B70C155866A300409AD8 /* Build configuration list for PBXProject "InfiniteCalendar" */;
			compatibilityVersion = "Xcode 3.2";
			developmentRegion = English;
			hasScannedForEncodings = 0;
			knownRegions = (
				en,
			);
			mainGroup = 1175B707155866A300409AD8;
			productRefGroup = 1175B713155866A300409AD8 /* Products */;
			projectDirPath = "";
			projectRoot = "";
			targets = (
				1175B711155866A300409AD8 /* InfiniteCalendar */,
			);
		};
/* End PBXProject section */

/* Begin PBXResourcesBuildPhase section */
		1175B710155866A300409AD8 /* Resources */ = {
			isa = PBXResourcesBuildPhase;
			buildActionMask = 2147483647;
			files = (
				1175B721155866A300409AD8 /* InfoPlist.strings in Resources */,
				1175B729155866A300409AD8 /* InfiniteCalendar.entitlements in Resources */,
				1175B72C155866A300409AD8 /* MainStoryboard.storyboard in Resources */,
			);
			runOnlyForDeploymentPostprocessing = 0;
		};
/* End PBXResourcesBuildPhase section */

/* Begin PBXSourcesBuildPhase section */
		1175B70E155866A300409AD8 /* Sources */ = {
			isa = PBXSourcesBuildPhase;
			buildActionMask = 2147483647;
			files = (
				1175B723155866A300409AD8 /* main.m in Sources */,
				1175B727155866A300409AD8 /* TUAppDelegate.m in Sources */,
				1175B72F155866A300409AD8 /* TUMasterViewController.m in Sources */,
				1175B732155866A300409AD8 /* TUDetailViewController.m in Sources */,
			);
			runOnlyForDeploymentPostprocessing = 0;
		};
/* End PBXSourcesBuildPhase section */

/* Begin PBXVariantGroup section */
		1175B71F155866A300409AD8 /* InfoPlist.strings */ = {
			isa = PBXVariantGroup;
			children = (
				1175B720155866A300409AD8 /* en */,
			);
			name = InfoPlist.strings;
			sourceTree = "<group>";
		};
		1175B72A155866A300409AD8 /* MainStoryboard.storyboard */ = {
			isa = PBXVariantGroup;
			children = (
				1175B72B155866A300409AD8 /* en */,
			);
			name = MainStoryboard.storyboard;
			sourceTree = "<group>";
		};
/* End PBXVariantGroup section */

/* Begin XCBuildConfiguration section */
		1175B733155866A300409AD8 /* Debug */ = {
			isa = XCBuildConfiguration;
			buildSettings = {
				ALWAYS_SEARCH_USER_PATHS = NO;
				ARCHS = "$(ARCHS_STANDARD_32_BIT)";
				CLANG_ENABLE_OBJC_ARC = YES;
				CLANG_WARN__DUPLICATE_METHOD_MATCH = YES;
				"CODE_SIGN_IDENTITY[sdk=iphoneos*]" = "iPhone Developer";
				COPY_PHASE_STRIP = NO;
				GCC_C_LANGUAGE_STANDARD = gnu99;
				GCC_DYNAMIC_NO_PIC = NO;
				GCC_OPTIMIZATION_LEVEL = 0;
				GCC_PREPROCESSOR_DEFINITIONS = (
					"DEBUG=1",
					"$(inherited)",
				);
				GCC_SYMBOLS_PRIVATE_EXTERN = NO;
				GCC_VERSION = com.apple.compilers.llvm.clang.1_0;
				GCC_WARN_ABOUT_RETURN_TYPE = YES;
				GCC_WARN_UNINITIALIZED_AUTOS = YES;
				GCC_WARN_UNUSED_VARIABLE = YES;
				IPHONEOS_DEPLOYMENT_TARGET = 5.1;
				SDKROOT = iphoneos;
			};
			name = Debug;
		};
		1175B734155866A300409AD8 /* Release */ = {
			isa = XCBuildConfiguration;
			buildSettings = {
				ALWAYS_SEARCH_USER_PATHS = NO;
				ARCHS = "$(ARCHS_STANDARD_32_BIT)";
				CLANG_ENABLE_OBJC_ARC = YES;
				CLANG_WARN__DUPLICATE_METHOD_MATCH = YES;
				"CODE_SIGN_IDENTITY[sdk=iphoneos*]" = "iPhone Developer";
				COPY_PHASE_STRIP = YES;
				GCC_C_LANGUAGE_STANDARD = gnu99;
				GCC_VERSION = com.apple.compilers.llvm.clang.1_0;
				GCC_WARN_ABOUT_RETURN_TYPE = YES;
				GCC_WARN_UNINITIALIZED_AUTOS = YES;
				GCC_WARN_UNUSED_VARIABLE = YES;
				IPHONEOS_DEPLOYMENT_TARGET = 5.1;
				OTHER_CFLAGS = "-DNS_BLOCK_ASSERTIONS=1";
				SDKROOT = iphoneos;
				VALIDATE_PRODUCT = YES;
			};
			name = Release;
		};
		1175B736155866A300409AD8 /* Debug */ = {
			isa = XCBuildConfiguration;
			buildSettings = {
				CODE_SIGN_ENTITLEMENTS = InfiniteCalendar/InfiniteCalendar.entitlements;
				GCC_PRECOMPILE_PREFIX_HEADER = YES;
				GCC_PREFIX_HEADER = "InfiniteCalendar/InfiniteCalendar-Prefix.pch";
				INFOPLIST_FILE = "InfiniteCalendar/InfiniteCalendar-Info.plist";
				PRODUCT_NAME = "$(TARGET_NAME)";
				WRAPPER_EXTENSION = app;
			};
			name = Debug;
		};
		1175B737155866A300409AD8 /* Release */ = {
			isa = XCBuildConfiguration;
			buildSettings = {
				CODE_SIGN_ENTITLEMENTS = InfiniteCalendar/InfiniteCalendar.entitlements;
				GCC_PRECOMPILE_PREFIX_HEADER = YES;
				GCC_PREFIX_HEADER = "InfiniteCalendar/InfiniteCalendar-Prefix.pch";
				INFOPLIST_FILE = "InfiniteCalendar/InfiniteCalendar-Info.plist";
				PRODUCT_NAME = "$(TARGET_NAME)";
				WRAPPER_EXTENSION = app;
			};
			name = Release;
		};
/* End XCBuildConfiguration section */

/* Begin XCConfigurationList section */
		1175B70C155866A300409AD8 /* Build configuration list for PBXProject "InfiniteCalendar" */ = {
			isa = XCConfigurationList;
			buildConfigurations = (
				1175B733155866A300409AD8 /* Debug */,
				1175B734155866A300409AD8 /* Release */,
			);
			defaultConfigurationIsVisible = 0;
			defaultConfigurationName = Release;
		};
		1175B735155866A300409AD8 /* Build configuration list for PBXNativeTarget "InfiniteCalendar" */ = {
			isa = XCConfigurationList;
			buildConfigurations = (
				1175B736155866A300409AD8 /* Debug */,
				1175B737155866A300409AD8 /* Release */,
			);
			defaultConfigurationIsVisible = 0;
		};
/* End XCConfigurationList section */
	};
	rootObject = 1175B709155866A300409AD8 /* Project object */;
}
